
Microsoft Visual Studio Solution File, Format Version 12.00
# Visual Studio Version 17
VisualStudioVersion = 17.6.33829.357
MinimumVisualStudioVersion = 10.0.40219.1
Project("{FAE04EC0-301F-11D3-BF4B-00C04F79EFBC}") = "WebApplication84", "WebApplication84\WebApplication84.csproj", "{A06FE213-F6E2-455F-8269-527BFDB3CB4F}"
EndProject
Global
	GlobalSection(SolutionConfigurationPlatforms) = preSolution
		Debug|Any CPU = Debug|Any CPU
		Release|Any CPU = Release|Any CPU
	EndGlobalSection
	GlobalSection(ProjectConfigurationPlatforms) = postSolution
		{A06FE213-F6E2-455F-8269-527BFDB3CB4F}.Debug|Any CPU.ActiveCfg = Debug|Any CPU
		{A06FE213-F6E2-455F-8269-527BFDB3CB4F}.Debug|Any CPU.Build.0 = Debug|Any CPU
		{A06FE213-F6E2-455F-8269-527BFDB3CB4F}.Release|Any CPU.ActiveCfg = Release|Any CPU
		{A06FE213-F6E2-455F-8269-527BFDB3CB4F}.Release|Any CPU.Build.0 = Release|Any CPU
	EndGlobalSection
	GlobalSection(SolutionProperties) = preSolution
		HideSolutionNode = FALSE
	EndGlobalSection
	GlobalSection(ExtensibilityGlobals) = postSolution
		SolutionGuid = {ED21BA53-F3E7-4959-AB70-BF6346EA2B71}
	EndGlobalSection
EndGlobal
