
Microsoft Visual Studio Solution File, Format Version 12.00
# Visual Studio Version 17
VisualStudioVersion = 17.6.33829.357
MinimumVisualStudioVersion = 10.0.40219.1
Project("{FAE04EC0-301F-11D3-BF4B-00C04F79EFBC}") = "WebApplication51", "WebApplication51\WebApplication51.csproj", "{B575C2DC-478E-44C5-8BBC-392B6FBE75C9}"
EndProject
Global
	GlobalSection(SolutionConfigurationPlatforms) = preSolution
		Debug|Any CPU = Debug|Any CPU
		Release|Any CPU = Release|Any CPU
	EndGlobalSection
	GlobalSection(ProjectConfigurationPlatforms) = postSolution
		{B575C2DC-478E-44C5-8BBC-392B6FBE75C9}.Debug|Any CPU.ActiveCfg = Debug|Any CPU
		{B575C2DC-478E-44C5-8BBC-392B6FBE75C9}.Debug|Any CPU.Build.0 = Debug|Any CPU
		{B575C2DC-478E-44C5-8BBC-392B6FBE75C9}.Release|Any CPU.ActiveCfg = Release|Any CPU
		{B575C2DC-478E-44C5-8BBC-392B6FBE75C9}.Release|Any CPU.Build.0 = Release|Any CPU
	EndGlobalSection
	GlobalSection(SolutionProperties) = preSolution
		HideSolutionNode = FALSE
	EndGlobalSection
	GlobalSection(ExtensibilityGlobals) = postSolution
		SolutionGuid = {2BB0E629-8AB8-4D6F-9204-CBD182EF74BA}
	EndGlobalSection
EndGlobal
