
Microsoft Visual Studio Solution File, Format Version 12.00
# Visual Studio Version 17
VisualStudioVersion = 17.6.33829.357
MinimumVisualStudioVersion = 10.0.40219.1
Project("{FAE04EC0-301F-11D3-BF4B-00C04F79EFBC}") = "WebApplication18", "WebApplication18\WebApplication18.csproj", "{AA46B679-63CB-4BB5-885F-7767FC22D690}"
EndProject
Global
	GlobalSection(SolutionConfigurationPlatforms) = preSolution
		Debug|Any CPU = Debug|Any CPU
		Release|Any CPU = Release|Any CPU
	EndGlobalSection
	GlobalSection(ProjectConfigurationPlatforms) = postSolution
		{AA46B679-63CB-4BB5-885F-7767FC22D690}.Debug|Any CPU.ActiveCfg = Debug|Any CPU
		{AA46B679-63CB-4BB5-885F-7767FC22D690}.Debug|Any CPU.Build.0 = Debug|Any CPU
		{AA46B679-63CB-4BB5-885F-7767FC22D690}.Release|Any CPU.ActiveCfg = Release|Any CPU
		{AA46B679-63CB-4BB5-885F-7767FC22D690}.Release|Any CPU.Build.0 = Release|Any CPU
	EndGlobalSection
	GlobalSection(SolutionProperties) = preSolution
		HideSolutionNode = FALSE
	EndGlobalSection
	GlobalSection(ExtensibilityGlobals) = postSolution
		SolutionGuid = {4BF5E1AC-00A9-4224-B982-77784B201410}
	EndGlobalSection
EndGlobal
