
Microsoft Visual Studio Solution File, Format Version 12.00
# Visual Studio Version 17
VisualStudioVersion = 17.6.33829.357
MinimumVisualStudioVersion = 10.0.40219.1
Project("{FAE04EC0-301F-11D3-BF4B-00C04F79EFBC}") = "WebApplication33", "WebApplication33\WebApplication33.csproj", "{3FCC5E1C-D1A8-4E5C-A494-C337AB0C3CF9}"
EndProject
Global
	GlobalSection(SolutionConfigurationPlatforms) = preSolution
		Debug|Any CPU = Debug|Any CPU
		Release|Any CPU = Release|Any CPU
	EndGlobalSection
	GlobalSection(ProjectConfigurationPlatforms) = postSolution
		{3FCC5E1C-D1A8-4E5C-A494-C337AB0C3CF9}.Debug|Any CPU.ActiveCfg = Debug|Any CPU
		{3FCC5E1C-D1A8-4E5C-A494-C337AB0C3CF9}.Debug|Any CPU.Build.0 = Debug|Any CPU
		{3FCC5E1C-D1A8-4E5C-A494-C337AB0C3CF9}.Release|Any CPU.ActiveCfg = Release|Any CPU
		{3FCC5E1C-D1A8-4E5C-A494-C337AB0C3CF9}.Release|Any CPU.Build.0 = Release|Any CPU
	EndGlobalSection
	GlobalSection(SolutionProperties) = preSolution
		HideSolutionNode = FALSE
	EndGlobalSection
	GlobalSection(ExtensibilityGlobals) = postSolution
		SolutionGuid = {53939219-6980-4496-95B2-6FC1A954F833}
	EndGlobalSection
EndGlobal
