
Microsoft Visual Studio Solution File, Format Version 12.00
# Visual Studio Version 17
VisualStudioVersion = 17.5.33502.453
MinimumVisualStudioVersion = 10.0.40219.1
Project("{FAE04EC0-301F-11D3-BF4B-00C04F79EFBC}") = "WindowsFormsApp31", "WindowsFormsApp31\WindowsFormsApp31.csproj", "{F659C29B-7F2D-436A-BCE2-029DF8532D37}"
EndProject
Global
	GlobalSection(SolutionConfigurationPlatforms) = preSolution
		Debug|Any CPU = Debug|Any CPU
		Release|Any CPU = Release|Any CPU
	EndGlobalSection
	GlobalSection(ProjectConfigurationPlatforms) = postSolution
		{F659C29B-7F2D-436A-BCE2-029DF8532D37}.Debug|Any CPU.ActiveCfg = Debug|Any CPU
		{F659C29B-7F2D-436A-BCE2-029DF8532D37}.Debug|Any CPU.Build.0 = Debug|Any CPU
		{F659C29B-7F2D-436A-BCE2-029DF8532D37}.Release|Any CPU.ActiveCfg = Release|Any CPU
		{F659C29B-7F2D-436A-BCE2-029DF8532D37}.Release|Any CPU.Build.0 = Release|Any CPU
	EndGlobalSection
	GlobalSection(SolutionProperties) = preSolution
		HideSolutionNode = FALSE
	EndGlobalSection
	GlobalSection(ExtensibilityGlobals) = postSolution
		SolutionGuid = {D5C8F424-C8E2-4014-A093-8216F12C9FE5}
	EndGlobalSection
EndGlobal
