
Microsoft Visual Studio Solution File, Format Version 12.00
# Visual Studio Version 17
VisualStudioVersion = 17.5.33530.505
MinimumVisualStudioVersion = 10.0.40219.1
Project("{FAE04EC0-301F-11D3-BF4B-00C04F79EFBC}") = "WindowsFormsApp74", "WindowsFormsApp74\WindowsFormsApp74.csproj", "{C38160C1-3BC6-4D42-8C76-EBAD86813CBA}"
EndProject
Global
	GlobalSection(SolutionConfigurationPlatforms) = preSolution
		Debug|Any CPU = Debug|Any CPU
		Release|Any CPU = Release|Any CPU
	EndGlobalSection
	GlobalSection(ProjectConfigurationPlatforms) = postSolution
		{C38160C1-3BC6-4D42-8C76-EBAD86813CBA}.Debug|Any CPU.ActiveCfg = Debug|Any CPU
		{C38160C1-3BC6-4D42-8C76-EBAD86813CBA}.Debug|Any CPU.Build.0 = Debug|Any CPU
		{C38160C1-3BC6-4D42-8C76-EBAD86813CBA}.Release|Any CPU.ActiveCfg = Release|Any CPU
		{C38160C1-3BC6-4D42-8C76-EBAD86813CBA}.Release|Any CPU.Build.0 = Release|Any CPU
	EndGlobalSection
	GlobalSection(SolutionProperties) = preSolution
		HideSolutionNode = FALSE
	EndGlobalSection
	GlobalSection(ExtensibilityGlobals) = postSolution
		SolutionGuid = {364A1BDE-3D7C-452C-8649-0F6E48FD9B96}
	EndGlobalSection
EndGlobal
