
Microsoft Visual Studio Solution File, Format Version 12.00
# Visual Studio Version 17
VisualStudioVersion = 17.6.33829.357
MinimumVisualStudioVersion = 10.0.40219.1
Project("{FAE04EC0-301F-11D3-BF4B-00C04F79EFBC}") = "WebApplication31", "WebApplication31\WebApplication31.csproj", "{3ED33ABF-4416-4319-996F-233F9B997B33}"
EndProject
Global
	GlobalSection(SolutionConfigurationPlatforms) = preSolution
		Debug|Any CPU = Debug|Any CPU
		Release|Any CPU = Release|Any CPU
	EndGlobalSection
	GlobalSection(ProjectConfigurationPlatforms) = postSolution
		{3ED33ABF-4416-4319-996F-233F9B997B33}.Debug|Any CPU.ActiveCfg = Debug|Any CPU
		{3ED33ABF-4416-4319-996F-233F9B997B33}.Debug|Any CPU.Build.0 = Debug|Any CPU
		{3ED33ABF-4416-4319-996F-233F9B997B33}.Release|Any CPU.ActiveCfg = Release|Any CPU
		{3ED33ABF-4416-4319-996F-233F9B997B33}.Release|Any CPU.Build.0 = Release|Any CPU
	EndGlobalSection
	GlobalSection(SolutionProperties) = preSolution
		HideSolutionNode = FALSE
	EndGlobalSection
	GlobalSection(ExtensibilityGlobals) = postSolution
		SolutionGuid = {FB2A2E3E-A303-4069-84E1-CF9C0A6342D2}
	EndGlobalSection
EndGlobal
