
Microsoft Visual Studio Solution File, Format Version 12.00
# Visual Studio Version 17
VisualStudioVersion = 17.6.33829.357
MinimumVisualStudioVersion = 10.0.40219.1
Project("{FAE04EC0-301F-11D3-BF4B-00C04F79EFBC}") = "WebApplication45", "WebApplication45\WebApplication45.csproj", "{FED071FA-EF2F-4441-9D42-8641EAE0C521}"
EndProject
Global
	GlobalSection(SolutionConfigurationPlatforms) = preSolution
		Debug|Any CPU = Debug|Any CPU
		Release|Any CPU = Release|Any CPU
	EndGlobalSection
	GlobalSection(ProjectConfigurationPlatforms) = postSolution
		{FED071FA-EF2F-4441-9D42-8641EAE0C521}.Debug|Any CPU.ActiveCfg = Debug|Any CPU
		{FED071FA-EF2F-4441-9D42-8641EAE0C521}.Debug|Any CPU.Build.0 = Debug|Any CPU
		{FED071FA-EF2F-4441-9D42-8641EAE0C521}.Release|Any CPU.ActiveCfg = Release|Any CPU
		{FED071FA-EF2F-4441-9D42-8641EAE0C521}.Release|Any CPU.Build.0 = Release|Any CPU
	EndGlobalSection
	GlobalSection(SolutionProperties) = preSolution
		HideSolutionNode = FALSE
	EndGlobalSection
	GlobalSection(ExtensibilityGlobals) = postSolution
		SolutionGuid = {14AC42E0-4B3D-4456-B4B0-A7312D4692CE}
	EndGlobalSection
EndGlobal
