
Microsoft Visual Studio Solution File, Format Version 12.00
# Visual Studio Version 17
VisualStudioVersion = 17.6.33829.357
MinimumVisualStudioVersion = 10.0.40219.1
Project("{FAE04EC0-301F-11D3-BF4B-00C04F79EFBC}") = "WebApplication99", "WebApplication99\WebApplication99.csproj", "{9299C0F8-2CB0-429B-9E1C-34026744288F}"
EndProject
Global
	GlobalSection(SolutionConfigurationPlatforms) = preSolution
		Debug|Any CPU = Debug|Any CPU
		Release|Any CPU = Release|Any CPU
	EndGlobalSection
	GlobalSection(ProjectConfigurationPlatforms) = postSolution
		{9299C0F8-2CB0-429B-9E1C-34026744288F}.Debug|Any CPU.ActiveCfg = Debug|Any CPU
		{9299C0F8-2CB0-429B-9E1C-34026744288F}.Debug|Any CPU.Build.0 = Debug|Any CPU
		{9299C0F8-2CB0-429B-9E1C-34026744288F}.Release|Any CPU.ActiveCfg = Release|Any CPU
		{9299C0F8-2CB0-429B-9E1C-34026744288F}.Release|Any CPU.Build.0 = Release|Any CPU
	EndGlobalSection
	GlobalSection(SolutionProperties) = preSolution
		HideSolutionNode = FALSE
	EndGlobalSection
	GlobalSection(ExtensibilityGlobals) = postSolution
		SolutionGuid = {01678073-BA69-4C1D-9506-A052CECECF07}
	EndGlobalSection
EndGlobal
