
Microsoft Visual Studio Solution File, Format Version 12.00
# Visual Studio Version 17
VisualStudioVersion = 17.5.33502.453
MinimumVisualStudioVersion = 10.0.40219.1
Project("{FAE04EC0-301F-11D3-BF4B-00C04F79EFBC}") = "WindowsFormsApp34", "WindowsFormsApp34\WindowsFormsApp34.csproj", "{B265F4F6-9B05-476B-8DDC-DB8F55AE3257}"
EndProject
Global
	GlobalSection(SolutionConfigurationPlatforms) = preSolution
		Debug|Any CPU = Debug|Any CPU
		Release|Any CPU = Release|Any CPU
	EndGlobalSection
	GlobalSection(ProjectConfigurationPlatforms) = postSolution
		{B265F4F6-9B05-476B-8DDC-DB8F55AE3257}.Debug|Any CPU.ActiveCfg = Debug|Any CPU
		{B265F4F6-9B05-476B-8DDC-DB8F55AE3257}.Debug|Any CPU.Build.0 = Debug|Any CPU
		{B265F4F6-9B05-476B-8DDC-DB8F55AE3257}.Release|Any CPU.ActiveCfg = Release|Any CPU
		{B265F4F6-9B05-476B-8DDC-DB8F55AE3257}.Release|Any CPU.Build.0 = Release|Any CPU
	EndGlobalSection
	GlobalSection(SolutionProperties) = preSolution
		HideSolutionNode = FALSE
	EndGlobalSection
	GlobalSection(ExtensibilityGlobals) = postSolution
		SolutionGuid = {8B8E7B5F-CB17-4302-93EB-803E6EE6EB2C}
	EndGlobalSection
EndGlobal
