
Microsoft Visual Studio Solution File, Format Version 12.00
# Visual Studio Version 17
VisualStudioVersion = 17.10.34928.147
MinimumVisualStudioVersion = 10.0.40219.1
Project("{FAE04EC0-301F-11D3-BF4B-00C04F79EFBC}") = "ConsoleApp80", "ConsoleApp80\ConsoleApp80.csproj", "{2E903469-2231-46FD-8900-E6ACD4B8B035}"
EndProject
Global
	GlobalSection(SolutionConfigurationPlatforms) = preSolution
		Debug|Any CPU = Debug|Any CPU
		Release|Any CPU = Release|Any CPU
	EndGlobalSection
	GlobalSection(ProjectConfigurationPlatforms) = postSolution
		{2E903469-2231-46FD-8900-E6ACD4B8B035}.Debug|Any CPU.ActiveCfg = Debug|Any CPU
		{2E903469-2231-46FD-8900-E6ACD4B8B035}.Debug|Any CPU.Build.0 = Debug|Any CPU
		{2E903469-2231-46FD-8900-E6ACD4B8B035}.Release|Any CPU.ActiveCfg = Release|Any CPU
		{2E903469-2231-46FD-8900-E6ACD4B8B035}.Release|Any CPU.Build.0 = Release|Any CPU
	EndGlobalSection
	GlobalSection(SolutionProperties) = preSolution
		HideSolutionNode = FALSE
	EndGlobalSection
	GlobalSection(ExtensibilityGlobals) = postSolution
		SolutionGuid = {F0582CA5-AD51-4A18-A4E4-C20355602A7F}
	EndGlobalSection
EndGlobal
