
Microsoft Visual Studio Solution File, Format Version 12.00
# Visual Studio Version 17
VisualStudioVersion = 17.6.33829.357
MinimumVisualStudioVersion = 10.0.40219.1
Project("{FAE04EC0-301F-11D3-BF4B-00C04F79EFBC}") = "WebApplication85", "WebApplication85\WebApplication85.csproj", "{ACFCF8BE-5836-4DEB-9A1F-48D85E0DC8F1}"
EndProject
Global
	GlobalSection(SolutionConfigurationPlatforms) = preSolution
		Debug|Any CPU = Debug|Any CPU
		Release|Any CPU = Release|Any CPU
	EndGlobalSection
	GlobalSection(ProjectConfigurationPlatforms) = postSolution
		{ACFCF8BE-5836-4DEB-9A1F-48D85E0DC8F1}.Debug|Any CPU.ActiveCfg = Debug|Any CPU
		{ACFCF8BE-5836-4DEB-9A1F-48D85E0DC8F1}.Debug|Any CPU.Build.0 = Debug|Any CPU
		{ACFCF8BE-5836-4DEB-9A1F-48D85E0DC8F1}.Release|Any CPU.ActiveCfg = Release|Any CPU
		{ACFCF8BE-5836-4DEB-9A1F-48D85E0DC8F1}.Release|Any CPU.Build.0 = Release|Any CPU
	EndGlobalSection
	GlobalSection(SolutionProperties) = preSolution
		HideSolutionNode = FALSE
	EndGlobalSection
	GlobalSection(ExtensibilityGlobals) = postSolution
		SolutionGuid = {9D547D61-5DC5-4BEC-80F6-81AB67FF0362}
	EndGlobalSection
EndGlobal
