
Microsoft Visual Studio Solution File, Format Version 12.00
# Visual Studio Version 17
VisualStudioVersion = 17.6.33829.357
MinimumVisualStudioVersion = 10.0.40219.1
Project("{FAE04EC0-301F-11D3-BF4B-00C04F79EFBC}") = "WebApplication9", "WebApplication9\WebApplication9.csproj", "{BA73C142-FB6C-495F-8000-01626B3C8F25}"
EndProject
Global
	GlobalSection(SolutionConfigurationPlatforms) = preSolution
		Debug|Any CPU = Debug|Any CPU
		Release|Any CPU = Release|Any CPU
	EndGlobalSection
	GlobalSection(ProjectConfigurationPlatforms) = postSolution
		{BA73C142-FB6C-495F-8000-01626B3C8F25}.Debug|Any CPU.ActiveCfg = Debug|Any CPU
		{BA73C142-FB6C-495F-8000-01626B3C8F25}.Debug|Any CPU.Build.0 = Debug|Any CPU
		{BA73C142-FB6C-495F-8000-01626B3C8F25}.Release|Any CPU.ActiveCfg = Release|Any CPU
		{BA73C142-FB6C-495F-8000-01626B3C8F25}.Release|Any CPU.Build.0 = Release|Any CPU
	EndGlobalSection
	GlobalSection(SolutionProperties) = preSolution
		HideSolutionNode = FALSE
	EndGlobalSection
	GlobalSection(ExtensibilityGlobals) = postSolution
		SolutionGuid = {C005BF3F-5854-4B90-B764-2B31D32DCDA7}
	EndGlobalSection
EndGlobal
