
Microsoft Visual Studio Solution File, Format Version 12.00
# Visual Studio Version 17
VisualStudioVersion = 17.6.33829.357
MinimumVisualStudioVersion = 10.0.40219.1
Project("{FAE04EC0-301F-11D3-BF4B-00C04F79EFBC}") = "WebApplication30", "WebApplication30\WebApplication30.csproj", "{CCC4C4DF-78DD-4C7F-AA71-E06C2CFAD8A7}"
EndProject
Global
	GlobalSection(SolutionConfigurationPlatforms) = preSolution
		Debug|Any CPU = Debug|Any CPU
		Release|Any CPU = Release|Any CPU
	EndGlobalSection
	GlobalSection(ProjectConfigurationPlatforms) = postSolution
		{CCC4C4DF-78DD-4C7F-AA71-E06C2CFAD8A7}.Debug|Any CPU.ActiveCfg = Debug|Any CPU
		{CCC4C4DF-78DD-4C7F-AA71-E06C2CFAD8A7}.Debug|Any CPU.Build.0 = Debug|Any CPU
		{CCC4C4DF-78DD-4C7F-AA71-E06C2CFAD8A7}.Release|Any CPU.ActiveCfg = Release|Any CPU
		{CCC4C4DF-78DD-4C7F-AA71-E06C2CFAD8A7}.Release|Any CPU.Build.0 = Release|Any CPU
	EndGlobalSection
	GlobalSection(SolutionProperties) = preSolution
		HideSolutionNode = FALSE
	EndGlobalSection
	GlobalSection(ExtensibilityGlobals) = postSolution
		SolutionGuid = {DFC4E1B4-23AE-4C5C-85FD-81BB3E742125}
	EndGlobalSection
EndGlobal
