
Microsoft Visual Studio Solution File, Format Version 12.00
# Visual Studio Version 17
VisualStudioVersion = 17.4.33213.308
MinimumVisualStudioVersion = 10.0.40219.1
Project("{FAE04EC0-301F-11D3-BF4B-00C04F79EFBC}") = "test4", "test4\test4.csproj", "{A4CA6F78-8D79-4588-BD18-AA7D738BEB5A}"
EndProject
Global
	GlobalSection(SolutionConfigurationPlatforms) = preSolution
		Debug|Any CPU = Debug|Any CPU
		Release|Any CPU = Release|Any CPU
	EndGlobalSection
	GlobalSection(ProjectConfigurationPlatforms) = postSolution
		{A4CA6F78-8D79-4588-BD18-AA7D738BEB5A}.Debug|Any CPU.ActiveCfg = Debug|Any CPU
		{A4CA6F78-8D79-4588-BD18-AA7D738BEB5A}.Debug|Any CPU.Build.0 = Debug|Any CPU
		{A4CA6F78-8D79-4588-BD18-AA7D738BEB5A}.Release|Any CPU.ActiveCfg = Release|Any CPU
		{A4CA6F78-8D79-4588-BD18-AA7D738BEB5A}.Release|Any CPU.Build.0 = Release|Any CPU
	EndGlobalSection
	GlobalSection(SolutionProperties) = preSolution
		HideSolutionNode = FALSE
	EndGlobalSection
	GlobalSection(ExtensibilityGlobals) = postSolution
		SolutionGuid = {D01DDD6B-8EE7-4180-8B4E-7A6C9C587867}
	EndGlobalSection
EndGlobal
