
Microsoft Visual Studio Solution File, Format Version 12.00
# Visual Studio Version 17
VisualStudioVersion = 17.5.33530.505
MinimumVisualStudioVersion = 10.0.40219.1
Project("{FAE04EC0-301F-11D3-BF4B-00C04F79EFBC}") = "ConsoleApp73", "ConsoleApp73\ConsoleApp73.csproj", "{66C104AF-C7E5-492E-95E3-0E4B4DBFD362}"
EndProject
Global
	GlobalSection(SolutionConfigurationPlatforms) = preSolution
		Debug|Any CPU = Debug|Any CPU
		Release|Any CPU = Release|Any CPU
	EndGlobalSection
	GlobalSection(ProjectConfigurationPlatforms) = postSolution
		{66C104AF-C7E5-492E-95E3-0E4B4DBFD362}.Debug|Any CPU.ActiveCfg = Debug|Any CPU
		{66C104AF-C7E5-492E-95E3-0E4B4DBFD362}.Debug|Any CPU.Build.0 = Debug|Any CPU
		{66C104AF-C7E5-492E-95E3-0E4B4DBFD362}.Release|Any CPU.ActiveCfg = Release|Any CPU
		{66C104AF-C7E5-492E-95E3-0E4B4DBFD362}.Release|Any CPU.Build.0 = Release|Any CPU
	EndGlobalSection
	GlobalSection(SolutionProperties) = preSolution
		HideSolutionNode = FALSE
	EndGlobalSection
	GlobalSection(ExtensibilityGlobals) = postSolution
		SolutionGuid = {2CFBBA16-7F13-42CF-941C-E0ACA1F6F38B}
	EndGlobalSection
EndGlobal
