
Microsoft Visual Studio Solution File, Format Version 12.00
# Visual Studio Version 17
VisualStudioVersion = 17.6.33829.357
MinimumVisualStudioVersion = 10.0.40219.1
Project("{FAE04EC0-301F-11D3-BF4B-00C04F79EFBC}") = "WebApplication61", "WebApplication61\WebApplication61.csproj", "{CA399BC6-24E9-4C42-BF95-B1218917B6CB}"
EndProject
Global
	GlobalSection(SolutionConfigurationPlatforms) = preSolution
		Debug|Any CPU = Debug|Any CPU
		Release|Any CPU = Release|Any CPU
	EndGlobalSection
	GlobalSection(ProjectConfigurationPlatforms) = postSolution
		{CA399BC6-24E9-4C42-BF95-B1218917B6CB}.Debug|Any CPU.ActiveCfg = Debug|Any CPU
		{CA399BC6-24E9-4C42-BF95-B1218917B6CB}.Debug|Any CPU.Build.0 = Debug|Any CPU
		{CA399BC6-24E9-4C42-BF95-B1218917B6CB}.Release|Any CPU.ActiveCfg = Release|Any CPU
		{CA399BC6-24E9-4C42-BF95-B1218917B6CB}.Release|Any CPU.Build.0 = Release|Any CPU
	EndGlobalSection
	GlobalSection(SolutionProperties) = preSolution
		HideSolutionNode = FALSE
	EndGlobalSection
	GlobalSection(ExtensibilityGlobals) = postSolution
		SolutionGuid = {8C239804-2D8E-4B49-998E-531DF1A41237}
	EndGlobalSection
EndGlobal
