
Microsoft Visual Studio Solution File, Format Version 12.00
# Visual Studio Version 17
VisualStudioVersion = 17.6.33829.357
MinimumVisualStudioVersion = 10.0.40219.1
Project("{FAE04EC0-301F-11D3-BF4B-00C04F79EFBC}") = "WebApplication75", "WebApplication75\WebApplication75.csproj", "{B02F46A4-856B-414D-9B75-851AAFCF83A3}"
EndProject
Global
	GlobalSection(SolutionConfigurationPlatforms) = preSolution
		Debug|Any CPU = Debug|Any CPU
		Release|Any CPU = Release|Any CPU
	EndGlobalSection
	GlobalSection(ProjectConfigurationPlatforms) = postSolution
		{B02F46A4-856B-414D-9B75-851AAFCF83A3}.Debug|Any CPU.ActiveCfg = Debug|Any CPU
		{B02F46A4-856B-414D-9B75-851AAFCF83A3}.Debug|Any CPU.Build.0 = Debug|Any CPU
		{B02F46A4-856B-414D-9B75-851AAFCF83A3}.Release|Any CPU.ActiveCfg = Release|Any CPU
		{B02F46A4-856B-414D-9B75-851AAFCF83A3}.Release|Any CPU.Build.0 = Release|Any CPU
	EndGlobalSection
	GlobalSection(SolutionProperties) = preSolution
		HideSolutionNode = FALSE
	EndGlobalSection
	GlobalSection(ExtensibilityGlobals) = postSolution
		SolutionGuid = {1911CA91-1B90-4031-8DBE-E180875CB052}
	EndGlobalSection
EndGlobal
