
Microsoft Visual Studio Solution File, Format Version 12.00
# Visual Studio Version 17
VisualStudioVersion = 17.4.33213.308
MinimumVisualStudioVersion = 10.0.40219.1
Project("{FAE04EC0-301F-11D3-BF4B-00C04F79EFBC}") = "ConsoleApp4", "ConsoleApp4\ConsoleApp4.csproj", "{2B7A6B36-92D2-44CA-86F2-B950AA5D49B1}"
EndProject
Global
	GlobalSection(SolutionConfigurationPlatforms) = preSolution
		Debug|Any CPU = Debug|Any CPU
		Release|Any CPU = Release|Any CPU
	EndGlobalSection
	GlobalSection(ProjectConfigurationPlatforms) = postSolution
		{2B7A6B36-92D2-44CA-86F2-B950AA5D49B1}.Debug|Any CPU.ActiveCfg = Debug|Any CPU
		{2B7A6B36-92D2-44CA-86F2-B950AA5D49B1}.Debug|Any CPU.Build.0 = Debug|Any CPU
		{2B7A6B36-92D2-44CA-86F2-B950AA5D49B1}.Release|Any CPU.ActiveCfg = Release|Any CPU
		{2B7A6B36-92D2-44CA-86F2-B950AA5D49B1}.Release|Any CPU.Build.0 = Release|Any CPU
	EndGlobalSection
	GlobalSection(SolutionProperties) = preSolution
		HideSolutionNode = FALSE
	EndGlobalSection
	GlobalSection(ExtensibilityGlobals) = postSolution
		SolutionGuid = {A1325540-076A-4C94-911E-A87EB2823449}
	EndGlobalSection
EndGlobal
