
Microsoft Visual Studio Solution File, Format Version 12.00
# Visual Studio Version 17
VisualStudioVersion = 17.5.33502.453
MinimumVisualStudioVersion = 10.0.40219.1
Project("{FAE04EC0-301F-11D3-BF4B-00C04F79EFBC}") = "WindowsFormsApp9", "WindowsFormsApp9\WindowsFormsApp9.csproj", "{881F8610-129D-4825-A4C8-8689AB6C682F}"
EndProject
Global
	GlobalSection(SolutionConfigurationPlatforms) = preSolution
		Debug|Any CPU = Debug|Any CPU
		Release|Any CPU = Release|Any CPU
	EndGlobalSection
	GlobalSection(ProjectConfigurationPlatforms) = postSolution
		{881F8610-129D-4825-A4C8-8689AB6C682F}.Debug|Any CPU.ActiveCfg = Debug|Any CPU
		{881F8610-129D-4825-A4C8-8689AB6C682F}.Debug|Any CPU.Build.0 = Debug|Any CPU
		{881F8610-129D-4825-A4C8-8689AB6C682F}.Release|Any CPU.ActiveCfg = Release|Any CPU
		{881F8610-129D-4825-A4C8-8689AB6C682F}.Release|Any CPU.Build.0 = Release|Any CPU
	EndGlobalSection
	GlobalSection(SolutionProperties) = preSolution
		HideSolutionNode = FALSE
	EndGlobalSection
	GlobalSection(ExtensibilityGlobals) = postSolution
		SolutionGuid = {227A8B20-F5BE-4AD2-8445-CD5B51C8159B}
	EndGlobalSection
EndGlobal
