
Microsoft Visual Studio Solution File, Format Version 12.00
# Visual Studio Version 17
VisualStudioVersion = 17.6.33829.357
MinimumVisualStudioVersion = 10.0.40219.1
Project("{FAE04EC0-301F-11D3-BF4B-00C04F79EFBC}") = "WindowsFormsApp84", "WindowsFormsApp84\WindowsFormsApp84.csproj", "{4459846F-7693-473A-BAC2-4F74004A6361}"
EndProject
Global
	GlobalSection(SolutionConfigurationPlatforms) = preSolution
		Debug|Any CPU = Debug|Any CPU
		Release|Any CPU = Release|Any CPU
	EndGlobalSection
	GlobalSection(ProjectConfigurationPlatforms) = postSolution
		{4459846F-7693-473A-BAC2-4F74004A6361}.Debug|Any CPU.ActiveCfg = Debug|Any CPU
		{4459846F-7693-473A-BAC2-4F74004A6361}.Debug|Any CPU.Build.0 = Debug|Any CPU
		{4459846F-7693-473A-BAC2-4F74004A6361}.Release|Any CPU.ActiveCfg = Release|Any CPU
		{4459846F-7693-473A-BAC2-4F74004A6361}.Release|Any CPU.Build.0 = Release|Any CPU
	EndGlobalSection
	GlobalSection(SolutionProperties) = preSolution
		HideSolutionNode = FALSE
	EndGlobalSection
	GlobalSection(ExtensibilityGlobals) = postSolution
		SolutionGuid = {2066C629-EF00-46D1-B683-F1EA9E945C5C}
	EndGlobalSection
EndGlobal
