
Microsoft Visual Studio Solution File, Format Version 12.00
# Visual Studio Version 17
VisualStudioVersion = 17.5.33502.453
MinimumVisualStudioVersion = 10.0.40219.1
Project("{FAE04EC0-301F-11D3-BF4B-00C04F79EFBC}") = "WindowsFormsApp71", "WindowsFormsApp71\WindowsFormsApp71.csproj", "{A66C1355-718E-4D4D-881D-27E4DE364A6E}"
EndProject
Global
	GlobalSection(SolutionConfigurationPlatforms) = preSolution
		Debug|Any CPU = Debug|Any CPU
		Release|Any CPU = Release|Any CPU
	EndGlobalSection
	GlobalSection(ProjectConfigurationPlatforms) = postSolution
		{A66C1355-718E-4D4D-881D-27E4DE364A6E}.Debug|Any CPU.ActiveCfg = Debug|Any CPU
		{A66C1355-718E-4D4D-881D-27E4DE364A6E}.Debug|Any CPU.Build.0 = Debug|Any CPU
		{A66C1355-718E-4D4D-881D-27E4DE364A6E}.Release|Any CPU.ActiveCfg = Release|Any CPU
		{A66C1355-718E-4D4D-881D-27E4DE364A6E}.Release|Any CPU.Build.0 = Release|Any CPU
	EndGlobalSection
	GlobalSection(SolutionProperties) = preSolution
		HideSolutionNode = FALSE
	EndGlobalSection
	GlobalSection(ExtensibilityGlobals) = postSolution
		SolutionGuid = {86D4820D-F13F-4252-B850-1A5CFB95232F}
	EndGlobalSection
EndGlobal
