
Microsoft Visual Studio Solution File, Format Version 12.00
# Visual Studio Version 17
VisualStudioVersion = 17.5.33502.453
MinimumVisualStudioVersion = 10.0.40219.1
Project("{FAE04EC0-301F-11D3-BF4B-00C04F79EFBC}") = "WindowsFormsApp35", "WindowsFormsApp35\WindowsFormsApp35.csproj", "{8E140F3E-9CFE-4918-BC6B-4E3A73869B68}"
EndProject
Global
	GlobalSection(SolutionConfigurationPlatforms) = preSolution
		Debug|Any CPU = Debug|Any CPU
		Release|Any CPU = Release|Any CPU
	EndGlobalSection
	GlobalSection(ProjectConfigurationPlatforms) = postSolution
		{8E140F3E-9CFE-4918-BC6B-4E3A73869B68}.Debug|Any CPU.ActiveCfg = Debug|Any CPU
		{8E140F3E-9CFE-4918-BC6B-4E3A73869B68}.Debug|Any CPU.Build.0 = Debug|Any CPU
		{8E140F3E-9CFE-4918-BC6B-4E3A73869B68}.Release|Any CPU.ActiveCfg = Release|Any CPU
		{8E140F3E-9CFE-4918-BC6B-4E3A73869B68}.Release|Any CPU.Build.0 = Release|Any CPU
	EndGlobalSection
	GlobalSection(SolutionProperties) = preSolution
		HideSolutionNode = FALSE
	EndGlobalSection
	GlobalSection(ExtensibilityGlobals) = postSolution
		SolutionGuid = {058FBA5C-2AE4-4205-AF2E-B7E998F9329F}
	EndGlobalSection
EndGlobal
