
Microsoft Visual Studio Solution File, Format Version 12.00
# Visual Studio Version 17
VisualStudioVersion = 17.5.33502.453
MinimumVisualStudioVersion = 10.0.40219.1
Project("{FAE04EC0-301F-11D3-BF4B-00C04F79EFBC}") = "WindowsFormsApp7", "WindowsFormsApp7\WindowsFormsApp7.csproj", "{A7ABE600-775F-4883-971D-FC118B15AE01}"
EndProject
Global
	GlobalSection(SolutionConfigurationPlatforms) = preSolution
		Debug|Any CPU = Debug|Any CPU
		Release|Any CPU = Release|Any CPU
	EndGlobalSection
	GlobalSection(ProjectConfigurationPlatforms) = postSolution
		{A7ABE600-775F-4883-971D-FC118B15AE01}.Debug|Any CPU.ActiveCfg = Debug|Any CPU
		{A7ABE600-775F-4883-971D-FC118B15AE01}.Debug|Any CPU.Build.0 = Debug|Any CPU
		{A7ABE600-775F-4883-971D-FC118B15AE01}.Release|Any CPU.ActiveCfg = Release|Any CPU
		{A7ABE600-775F-4883-971D-FC118B15AE01}.Release|Any CPU.Build.0 = Release|Any CPU
	EndGlobalSection
	GlobalSection(SolutionProperties) = preSolution
		HideSolutionNode = FALSE
	EndGlobalSection
	GlobalSection(ExtensibilityGlobals) = postSolution
		SolutionGuid = {2D1D7334-7F70-4140-823F-CBC360C3EE23}
	EndGlobalSection
EndGlobal
