
Microsoft Visual Studio Solution File, Format Version 12.00
# Visual Studio Version 17
VisualStudioVersion = 17.5.33502.453
MinimumVisualStudioVersion = 10.0.40219.1
Project("{FAE04EC0-301F-11D3-BF4B-00C04F79EFBC}") = "WindowsFormsApp40", "WindowsFormsApp40\WindowsFormsApp40.csproj", "{7037B216-ABD5-4B4B-9C23-9F7F7AA7B585}"
EndProject
Global
	GlobalSection(SolutionConfigurationPlatforms) = preSolution
		Debug|Any CPU = Debug|Any CPU
		Release|Any CPU = Release|Any CPU
	EndGlobalSection
	GlobalSection(ProjectConfigurationPlatforms) = postSolution
		{7037B216-ABD5-4B4B-9C23-9F7F7AA7B585}.Debug|Any CPU.ActiveCfg = Debug|Any CPU
		{7037B216-ABD5-4B4B-9C23-9F7F7AA7B585}.Debug|Any CPU.Build.0 = Debug|Any CPU
		{7037B216-ABD5-4B4B-9C23-9F7F7AA7B585}.Release|Any CPU.ActiveCfg = Release|Any CPU
		{7037B216-ABD5-4B4B-9C23-9F7F7AA7B585}.Release|Any CPU.Build.0 = Release|Any CPU
	EndGlobalSection
	GlobalSection(SolutionProperties) = preSolution
		HideSolutionNode = FALSE
	EndGlobalSection
	GlobalSection(ExtensibilityGlobals) = postSolution
		SolutionGuid = {7805AA5D-441B-4CA5-87B1-1EB1AE5E77B3}
	EndGlobalSection
EndGlobal
