
Microsoft Visual Studio Solution File, Format Version 12.00
# Visual Studio Version 17
VisualStudioVersion = 17.5.33502.453
MinimumVisualStudioVersion = 10.0.40219.1
Project("{FAE04EC0-301F-11D3-BF4B-00C04F79EFBC}") = "ConsoleApp58", "ConsoleApp58\ConsoleApp58.csproj", "{526CEBB8-1F9E-429B-ADCD-9FCE5D272540}"
EndProject
Global
	GlobalSection(SolutionConfigurationPlatforms) = preSolution
		Debug|Any CPU = Debug|Any CPU
		Release|Any CPU = Release|Any CPU
	EndGlobalSection
	GlobalSection(ProjectConfigurationPlatforms) = postSolution
		{526CEBB8-1F9E-429B-ADCD-9FCE5D272540}.Debug|Any CPU.ActiveCfg = Debug|Any CPU
		{526CEBB8-1F9E-429B-ADCD-9FCE5D272540}.Debug|Any CPU.Build.0 = Debug|Any CPU
		{526CEBB8-1F9E-429B-ADCD-9FCE5D272540}.Release|Any CPU.ActiveCfg = Release|Any CPU
		{526CEBB8-1F9E-429B-ADCD-9FCE5D272540}.Release|Any CPU.Build.0 = Release|Any CPU
	EndGlobalSection
	GlobalSection(SolutionProperties) = preSolution
		HideSolutionNode = FALSE
	EndGlobalSection
	GlobalSection(ExtensibilityGlobals) = postSolution
		SolutionGuid = {B9B6FAD6-54C5-47CF-9BB8-068000472258}
	EndGlobalSection
EndGlobal
