
Microsoft Visual Studio Solution File, Format Version 12.00
# Visual Studio Version 17
VisualStudioVersion = 17.5.33502.453
MinimumVisualStudioVersion = 10.0.40219.1
Project("{FAE04EC0-301F-11D3-BF4B-00C04F79EFBC}") = "WindowsFormsApp50", "WindowsFormsApp50\WindowsFormsApp50.csproj", "{E8FDB628-64AE-4D7F-8DB4-14F8CACF8DD2}"
EndProject
Global
	GlobalSection(SolutionConfigurationPlatforms) = preSolution
		Debug|Any CPU = Debug|Any CPU
		Release|Any CPU = Release|Any CPU
	EndGlobalSection
	GlobalSection(ProjectConfigurationPlatforms) = postSolution
		{E8FDB628-64AE-4D7F-8DB4-14F8CACF8DD2}.Debug|Any CPU.ActiveCfg = Debug|Any CPU
		{E8FDB628-64AE-4D7F-8DB4-14F8CACF8DD2}.Debug|Any CPU.Build.0 = Debug|Any CPU
		{E8FDB628-64AE-4D7F-8DB4-14F8CACF8DD2}.Release|Any CPU.ActiveCfg = Release|Any CPU
		{E8FDB628-64AE-4D7F-8DB4-14F8CACF8DD2}.Release|Any CPU.Build.0 = Release|Any CPU
	EndGlobalSection
	GlobalSection(SolutionProperties) = preSolution
		HideSolutionNode = FALSE
	EndGlobalSection
	GlobalSection(ExtensibilityGlobals) = postSolution
		SolutionGuid = {65F3ED79-DF48-45C4-A3FA-55861F119A2A}
	EndGlobalSection
EndGlobal
