
Microsoft Visual Studio Solution File, Format Version 12.00
# Visual Studio Version 17
VisualStudioVersion = 17.5.33502.453
MinimumVisualStudioVersion = 10.0.40219.1
Project("{FAE04EC0-301F-11D3-BF4B-00C04F79EFBC}") = "WindowsFormsApp37", "WindowsFormsApp37\WindowsFormsApp37.csproj", "{454795D8-4FDE-4EC7-B133-25F1F4A1CD3D}"
EndProject
Global
	GlobalSection(SolutionConfigurationPlatforms) = preSolution
		Debug|Any CPU = Debug|Any CPU
		Release|Any CPU = Release|Any CPU
	EndGlobalSection
	GlobalSection(ProjectConfigurationPlatforms) = postSolution
		{454795D8-4FDE-4EC7-B133-25F1F4A1CD3D}.Debug|Any CPU.ActiveCfg = Debug|Any CPU
		{454795D8-4FDE-4EC7-B133-25F1F4A1CD3D}.Debug|Any CPU.Build.0 = Debug|Any CPU
		{454795D8-4FDE-4EC7-B133-25F1F4A1CD3D}.Release|Any CPU.ActiveCfg = Release|Any CPU
		{454795D8-4FDE-4EC7-B133-25F1F4A1CD3D}.Release|Any CPU.Build.0 = Release|Any CPU
	EndGlobalSection
	GlobalSection(SolutionProperties) = preSolution
		HideSolutionNode = FALSE
	EndGlobalSection
	GlobalSection(ExtensibilityGlobals) = postSolution
		SolutionGuid = {7B4DED89-325D-4E0F-B235-D3529D72BAEF}
	EndGlobalSection
EndGlobal
