
Microsoft Visual Studio Solution File, Format Version 12.00
# Visual Studio Version 17
VisualStudioVersion = 17.6.33829.357
MinimumVisualStudioVersion = 10.0.40219.1
Project("{FAE04EC0-301F-11D3-BF4B-00C04F79EFBC}") = "WebApplication4", "WebApplication4\WebApplication4.csproj", "{EAF82F63-8E8D-438D-8E91-15E7648BF33B}"
EndProject
Global
	GlobalSection(SolutionConfigurationPlatforms) = preSolution
		Debug|Any CPU = Debug|Any CPU
		Release|Any CPU = Release|Any CPU
	EndGlobalSection
	GlobalSection(ProjectConfigurationPlatforms) = postSolution
		{EAF82F63-8E8D-438D-8E91-15E7648BF33B}.Debug|Any CPU.ActiveCfg = Debug|Any CPU
		{EAF82F63-8E8D-438D-8E91-15E7648BF33B}.Debug|Any CPU.Build.0 = Debug|Any CPU
		{EAF82F63-8E8D-438D-8E91-15E7648BF33B}.Release|Any CPU.ActiveCfg = Release|Any CPU
		{EAF82F63-8E8D-438D-8E91-15E7648BF33B}.Release|Any CPU.Build.0 = Release|Any CPU
	EndGlobalSection
	GlobalSection(SolutionProperties) = preSolution
		HideSolutionNode = FALSE
	EndGlobalSection
	GlobalSection(ExtensibilityGlobals) = postSolution
		SolutionGuid = {8570F5B1-A33A-4517-8852-846A33100FE0}
	EndGlobalSection
EndGlobal
