
Microsoft Visual Studio Solution File, Format Version 12.00
# Visual Studio Version 17
VisualStudioVersion = 17.6.33829.357
MinimumVisualStudioVersion = 10.0.40219.1
Project("{FAE04EC0-301F-11D3-BF4B-00C04F79EFBC}") = "WebApplication6", "WebApplication6\WebApplication6.csproj", "{916A7AE0-37DC-4291-9D57-2AD839A1890A}"
EndProject
Global
	GlobalSection(SolutionConfigurationPlatforms) = preSolution
		Debug|Any CPU = Debug|Any CPU
		Release|Any CPU = Release|Any CPU
	EndGlobalSection
	GlobalSection(ProjectConfigurationPlatforms) = postSolution
		{916A7AE0-37DC-4291-9D57-2AD839A1890A}.Debug|Any CPU.ActiveCfg = Debug|Any CPU
		{916A7AE0-37DC-4291-9D57-2AD839A1890A}.Debug|Any CPU.Build.0 = Debug|Any CPU
		{916A7AE0-37DC-4291-9D57-2AD839A1890A}.Release|Any CPU.ActiveCfg = Release|Any CPU
		{916A7AE0-37DC-4291-9D57-2AD839A1890A}.Release|Any CPU.Build.0 = Release|Any CPU
	EndGlobalSection
	GlobalSection(SolutionProperties) = preSolution
		HideSolutionNode = FALSE
	EndGlobalSection
	GlobalSection(ExtensibilityGlobals) = postSolution
		SolutionGuid = {380133B7-6C80-4BF0-A359-144FB996B7C9}
	EndGlobalSection
EndGlobal
