
Microsoft Visual Studio Solution File, Format Version 12.00
# Visual Studio Version 17
VisualStudioVersion = 17.5.33502.453
MinimumVisualStudioVersion = 10.0.40219.1
Project("{FAE04EC0-301F-11D3-BF4B-00C04F79EFBC}") = "ConsoleApp51", "ConsoleApp51\ConsoleApp51.csproj", "{F902AE3F-4ECA-4959-8A58-2FA2C54E3E8F}"
EndProject
Global
	GlobalSection(SolutionConfigurationPlatforms) = preSolution
		Debug|Any CPU = Debug|Any CPU
		Release|Any CPU = Release|Any CPU
	EndGlobalSection
	GlobalSection(ProjectConfigurationPlatforms) = postSolution
		{F902AE3F-4ECA-4959-8A58-2FA2C54E3E8F}.Debug|Any CPU.ActiveCfg = Debug|Any CPU
		{F902AE3F-4ECA-4959-8A58-2FA2C54E3E8F}.Debug|Any CPU.Build.0 = Debug|Any CPU
		{F902AE3F-4ECA-4959-8A58-2FA2C54E3E8F}.Release|Any CPU.ActiveCfg = Release|Any CPU
		{F902AE3F-4ECA-4959-8A58-2FA2C54E3E8F}.Release|Any CPU.Build.0 = Release|Any CPU
	EndGlobalSection
	GlobalSection(SolutionProperties) = preSolution
		HideSolutionNode = FALSE
	EndGlobalSection
	GlobalSection(ExtensibilityGlobals) = postSolution
		SolutionGuid = {5F12DE40-F851-4F5F-845F-955A1CE6E861}
	EndGlobalSection
EndGlobal
