
Microsoft Visual Studio Solution File, Format Version 12.00
# Visual Studio Version 17
VisualStudioVersion = 17.5.33502.453
MinimumVisualStudioVersion = 10.0.40219.1
Project("{FAE04EC0-301F-11D3-BF4B-00C04F79EFBC}") = "ConsoleApp62", "ConsoleApp62\ConsoleApp62.csproj", "{C9215E41-987E-4022-A58B-DDA53A78337D}"
EndProject
Global
	GlobalSection(SolutionConfigurationPlatforms) = preSolution
		Debug|Any CPU = Debug|Any CPU
		Release|Any CPU = Release|Any CPU
	EndGlobalSection
	GlobalSection(ProjectConfigurationPlatforms) = postSolution
		{C9215E41-987E-4022-A58B-DDA53A78337D}.Debug|Any CPU.ActiveCfg = Debug|Any CPU
		{C9215E41-987E-4022-A58B-DDA53A78337D}.Debug|Any CPU.Build.0 = Debug|Any CPU
		{C9215E41-987E-4022-A58B-DDA53A78337D}.Release|Any CPU.ActiveCfg = Release|Any CPU
		{C9215E41-987E-4022-A58B-DDA53A78337D}.Release|Any CPU.Build.0 = Release|Any CPU
	EndGlobalSection
	GlobalSection(SolutionProperties) = preSolution
		HideSolutionNode = FALSE
	EndGlobalSection
	GlobalSection(ExtensibilityGlobals) = postSolution
		SolutionGuid = {F9AD3D52-C0D5-4A88-ADB5-6670204DCDBE}
	EndGlobalSection
EndGlobal
