
Microsoft Visual Studio Solution File, Format Version 12.00
# Visual Studio Version 17
VisualStudioVersion = 17.4.33213.308
MinimumVisualStudioVersion = 10.0.40219.1
Project("{FAE04EC0-301F-11D3-BF4B-00C04F79EFBC}") = "ConsoleApp6", "ConsoleApp6\ConsoleApp6.csproj", "{AE5A1C0A-7396-4E94-8313-9A7C482B4CDA}"
EndProject
Global
	GlobalSection(SolutionConfigurationPlatforms) = preSolution
		Debug|Any CPU = Debug|Any CPU
		Release|Any CPU = Release|Any CPU
	EndGlobalSection
	GlobalSection(ProjectConfigurationPlatforms) = postSolution
		{AE5A1C0A-7396-4E94-8313-9A7C482B4CDA}.Debug|Any CPU.ActiveCfg = Debug|Any CPU
		{AE5A1C0A-7396-4E94-8313-9A7C482B4CDA}.Debug|Any CPU.Build.0 = Debug|Any CPU
		{AE5A1C0A-7396-4E94-8313-9A7C482B4CDA}.Release|Any CPU.ActiveCfg = Release|Any CPU
		{AE5A1C0A-7396-4E94-8313-9A7C482B4CDA}.Release|Any CPU.Build.0 = Release|Any CPU
	EndGlobalSection
	GlobalSection(SolutionProperties) = preSolution
		HideSolutionNode = FALSE
	EndGlobalSection
	GlobalSection(ExtensibilityGlobals) = postSolution
		SolutionGuid = {7145D3C1-78CD-4FE0-9F6D-55AE8602716D}
	EndGlobalSection
EndGlobal
