
Microsoft Visual Studio Solution File, Format Version 12.00
# Visual Studio Version 17
VisualStudioVersion = 17.6.33829.357
MinimumVisualStudioVersion = 10.0.40219.1
Project("{FAE04EC0-301F-11D3-BF4B-00C04F79EFBC}") = "WebApplication8", "WebApplication8\WebApplication8.csproj", "{C59CC34D-7435-4F37-B113-77F2BA3A1F47}"
EndProject
Global
	GlobalSection(SolutionConfigurationPlatforms) = preSolution
		Debug|Any CPU = Debug|Any CPU
		Release|Any CPU = Release|Any CPU
	EndGlobalSection
	GlobalSection(ProjectConfigurationPlatforms) = postSolution
		{C59CC34D-7435-4F37-B113-77F2BA3A1F47}.Debug|Any CPU.ActiveCfg = Debug|Any CPU
		{C59CC34D-7435-4F37-B113-77F2BA3A1F47}.Debug|Any CPU.Build.0 = Debug|Any CPU
		{C59CC34D-7435-4F37-B113-77F2BA3A1F47}.Release|Any CPU.ActiveCfg = Release|Any CPU
		{C59CC34D-7435-4F37-B113-77F2BA3A1F47}.Release|Any CPU.Build.0 = Release|Any CPU
	EndGlobalSection
	GlobalSection(SolutionProperties) = preSolution
		HideSolutionNode = FALSE
	EndGlobalSection
	GlobalSection(ExtensibilityGlobals) = postSolution
		SolutionGuid = {3229A3E1-485C-46B3-A799-145D9CC27D94}
	EndGlobalSection
EndGlobal
