
Microsoft Visual Studio Solution File, Format Version 12.00
# Visual Studio Version 17
VisualStudioVersion = 17.5.33530.505
MinimumVisualStudioVersion = 10.0.40219.1
Project("{FAE04EC0-301F-11D3-BF4B-00C04F79EFBC}") = "WindowsFormsApp75", "WindowsFormsApp75\WindowsFormsApp75.csproj", "{543F2D63-4C84-4EB2-A6EE-5F5DA51C100A}"
EndProject
Global
	GlobalSection(SolutionConfigurationPlatforms) = preSolution
		Debug|Any CPU = Debug|Any CPU
		Release|Any CPU = Release|Any CPU
	EndGlobalSection
	GlobalSection(ProjectConfigurationPlatforms) = postSolution
		{543F2D63-4C84-4EB2-A6EE-5F5DA51C100A}.Debug|Any CPU.ActiveCfg = Debug|Any CPU
		{543F2D63-4C84-4EB2-A6EE-5F5DA51C100A}.Debug|Any CPU.Build.0 = Debug|Any CPU
		{543F2D63-4C84-4EB2-A6EE-5F5DA51C100A}.Release|Any CPU.ActiveCfg = Release|Any CPU
		{543F2D63-4C84-4EB2-A6EE-5F5DA51C100A}.Release|Any CPU.Build.0 = Release|Any CPU
	EndGlobalSection
	GlobalSection(SolutionProperties) = preSolution
		HideSolutionNode = FALSE
	EndGlobalSection
	GlobalSection(ExtensibilityGlobals) = postSolution
		SolutionGuid = {9E07E7B2-C2A8-4790-83AA-39B64BF3F445}
	EndGlobalSection
EndGlobal
