
Microsoft Visual Studio Solution File, Format Version 12.00
# Visual Studio Version 17
VisualStudioVersion = 17.5.33502.453
MinimumVisualStudioVersion = 10.0.40219.1
Project("{FAE04EC0-301F-11D3-BF4B-00C04F79EFBC}") = "ConsoleApp38", "ConsoleApp38\ConsoleApp38.csproj", "{1E232E36-008B-44E2-9944-5AD90F787B4A}"
EndProject
Global
	GlobalSection(SolutionConfigurationPlatforms) = preSolution
		Debug|Any CPU = Debug|Any CPU
		Release|Any CPU = Release|Any CPU
	EndGlobalSection
	GlobalSection(ProjectConfigurationPlatforms) = postSolution
		{1E232E36-008B-44E2-9944-5AD90F787B4A}.Debug|Any CPU.ActiveCfg = Debug|Any CPU
		{1E232E36-008B-44E2-9944-5AD90F787B4A}.Debug|Any CPU.Build.0 = Debug|Any CPU
		{1E232E36-008B-44E2-9944-5AD90F787B4A}.Release|Any CPU.ActiveCfg = Release|Any CPU
		{1E232E36-008B-44E2-9944-5AD90F787B4A}.Release|Any CPU.Build.0 = Release|Any CPU
	EndGlobalSection
	GlobalSection(SolutionProperties) = preSolution
		HideSolutionNode = FALSE
	EndGlobalSection
	GlobalSection(ExtensibilityGlobals) = postSolution
		SolutionGuid = {42CA2AE5-1D95-40BA-831C-7AD2641A4204}
	EndGlobalSection
EndGlobal
