
Microsoft Visual Studio Solution File, Format Version 12.00
# Visual Studio Version 17
VisualStudioVersion = 17.5.33502.453
MinimumVisualStudioVersion = 10.0.40219.1
Project("{FAE04EC0-301F-11D3-BF4B-00C04F79EFBC}") = "WindowsFormsApp67", "WindowsFormsApp67\WindowsFormsApp67.csproj", "{C829FB5D-0103-4592-AA94-4AA045D2C767}"
EndProject
Global
	GlobalSection(SolutionConfigurationPlatforms) = preSolution
		Debug|Any CPU = Debug|Any CPU
		Release|Any CPU = Release|Any CPU
	EndGlobalSection
	GlobalSection(ProjectConfigurationPlatforms) = postSolution
		{C829FB5D-0103-4592-AA94-4AA045D2C767}.Debug|Any CPU.ActiveCfg = Debug|Any CPU
		{C829FB5D-0103-4592-AA94-4AA045D2C767}.Debug|Any CPU.Build.0 = Debug|Any CPU
		{C829FB5D-0103-4592-AA94-4AA045D2C767}.Release|Any CPU.ActiveCfg = Release|Any CPU
		{C829FB5D-0103-4592-AA94-4AA045D2C767}.Release|Any CPU.Build.0 = Release|Any CPU
	EndGlobalSection
	GlobalSection(SolutionProperties) = preSolution
		HideSolutionNode = FALSE
	EndGlobalSection
	GlobalSection(ExtensibilityGlobals) = postSolution
		SolutionGuid = {118766AF-719E-4A82-8DFC-E30E9683DF02}
	EndGlobalSection
EndGlobal
