
Microsoft Visual Studio Solution File, Format Version 12.00
# Visual Studio Version 17
VisualStudioVersion = 17.6.33829.357
MinimumVisualStudioVersion = 10.0.40219.1
Project("{FAE04EC0-301F-11D3-BF4B-00C04F79EFBC}") = "WebApplication91", "WebApplication91\WebApplication91.csproj", "{AD6EFF72-018D-45F7-93DD-103CBBA65E44}"
EndProject
Global
	GlobalSection(SolutionConfigurationPlatforms) = preSolution
		Debug|Any CPU = Debug|Any CPU
		Release|Any CPU = Release|Any CPU
	EndGlobalSection
	GlobalSection(ProjectConfigurationPlatforms) = postSolution
		{AD6EFF72-018D-45F7-93DD-103CBBA65E44}.Debug|Any CPU.ActiveCfg = Debug|Any CPU
		{AD6EFF72-018D-45F7-93DD-103CBBA65E44}.Debug|Any CPU.Build.0 = Debug|Any CPU
		{AD6EFF72-018D-45F7-93DD-103CBBA65E44}.Release|Any CPU.ActiveCfg = Release|Any CPU
		{AD6EFF72-018D-45F7-93DD-103CBBA65E44}.Release|Any CPU.Build.0 = Release|Any CPU
	EndGlobalSection
	GlobalSection(SolutionProperties) = preSolution
		HideSolutionNode = FALSE
	EndGlobalSection
	GlobalSection(ExtensibilityGlobals) = postSolution
		SolutionGuid = {E71069C0-A799-4966-B42F-C9141211E733}
	EndGlobalSection
EndGlobal
