
Microsoft Visual Studio Solution File, Format Version 12.00
# Visual Studio Version 17
VisualStudioVersion = 17.6.33829.357
MinimumVisualStudioVersion = 10.0.40219.1
Project("{FAE04EC0-301F-11D3-BF4B-00C04F79EFBC}") = "WebApplication76", "WebApplication76\WebApplication76.csproj", "{BCCC43AE-0268-4EFE-8315-EAAC673975C0}"
EndProject
Global
	GlobalSection(SolutionConfigurationPlatforms) = preSolution
		Debug|Any CPU = Debug|Any CPU
		Release|Any CPU = Release|Any CPU
	EndGlobalSection
	GlobalSection(ProjectConfigurationPlatforms) = postSolution
		{BCCC43AE-0268-4EFE-8315-EAAC673975C0}.Debug|Any CPU.ActiveCfg = Debug|Any CPU
		{BCCC43AE-0268-4EFE-8315-EAAC673975C0}.Debug|Any CPU.Build.0 = Debug|Any CPU
		{BCCC43AE-0268-4EFE-8315-EAAC673975C0}.Release|Any CPU.ActiveCfg = Release|Any CPU
		{BCCC43AE-0268-4EFE-8315-EAAC673975C0}.Release|Any CPU.Build.0 = Release|Any CPU
	EndGlobalSection
	GlobalSection(SolutionProperties) = preSolution
		HideSolutionNode = FALSE
	EndGlobalSection
	GlobalSection(ExtensibilityGlobals) = postSolution
		SolutionGuid = {D22B9182-A20A-445A-8EAC-28D644BCCC90}
	EndGlobalSection
EndGlobal
