
Microsoft Visual Studio Solution File, Format Version 12.00
# Visual Studio Version 17
VisualStudioVersion = 17.6.33829.357
MinimumVisualStudioVersion = 10.0.40219.1
Project("{FAE04EC0-301F-11D3-BF4B-00C04F79EFBC}") = "WebApplication79", "WebApplication79\WebApplication79.csproj", "{C35AB0BC-E202-4448-B926-ACD44D9D4761}"
EndProject
Global
	GlobalSection(SolutionConfigurationPlatforms) = preSolution
		Debug|Any CPU = Debug|Any CPU
		Release|Any CPU = Release|Any CPU
	EndGlobalSection
	GlobalSection(ProjectConfigurationPlatforms) = postSolution
		{C35AB0BC-E202-4448-B926-ACD44D9D4761}.Debug|Any CPU.ActiveCfg = Debug|Any CPU
		{C35AB0BC-E202-4448-B926-ACD44D9D4761}.Debug|Any CPU.Build.0 = Debug|Any CPU
		{C35AB0BC-E202-4448-B926-ACD44D9D4761}.Release|Any CPU.ActiveCfg = Release|Any CPU
		{C35AB0BC-E202-4448-B926-ACD44D9D4761}.Release|Any CPU.Build.0 = Release|Any CPU
	EndGlobalSection
	GlobalSection(SolutionProperties) = preSolution
		HideSolutionNode = FALSE
	EndGlobalSection
	GlobalSection(ExtensibilityGlobals) = postSolution
		SolutionGuid = {4BBFBE88-CFD2-46BC-B699-BF91950E5E7D}
	EndGlobalSection
EndGlobal
