
Microsoft Visual Studio Solution File, Format Version 12.00
# Visual Studio Version 17
VisualStudioVersion = 17.6.33829.357
MinimumVisualStudioVersion = 10.0.40219.1
Project("{FAE04EC0-301F-11D3-BF4B-00C04F79EFBC}") = "WebApplication96", "WebApplication96\WebApplication96.csproj", "{4DC1DCB8-627F-4166-9FCF-86293DF956A3}"
EndProject
Global
	GlobalSection(SolutionConfigurationPlatforms) = preSolution
		Debug|Any CPU = Debug|Any CPU
		Release|Any CPU = Release|Any CPU
	EndGlobalSection
	GlobalSection(ProjectConfigurationPlatforms) = postSolution
		{4DC1DCB8-627F-4166-9FCF-86293DF956A3}.Debug|Any CPU.ActiveCfg = Debug|Any CPU
		{4DC1DCB8-627F-4166-9FCF-86293DF956A3}.Debug|Any CPU.Build.0 = Debug|Any CPU
		{4DC1DCB8-627F-4166-9FCF-86293DF956A3}.Release|Any CPU.ActiveCfg = Release|Any CPU
		{4DC1DCB8-627F-4166-9FCF-86293DF956A3}.Release|Any CPU.Build.0 = Release|Any CPU
	EndGlobalSection
	GlobalSection(SolutionProperties) = preSolution
		HideSolutionNode = FALSE
	EndGlobalSection
	GlobalSection(ExtensibilityGlobals) = postSolution
		SolutionGuid = {EA2F9F3F-C60B-4400-A6FC-0862E088D596}
	EndGlobalSection
EndGlobal
