
Microsoft Visual Studio Solution File, Format Version 12.00
# Visual Studio Version 17
VisualStudioVersion = 17.5.33502.453
MinimumVisualStudioVersion = 10.0.40219.1
Project("{FAE04EC0-301F-11D3-BF4B-00C04F79EFBC}") = "WindowsFormsApp39", "WindowsFormsApp39\WindowsFormsApp39.csproj", "{6F9614A9-732F-4DF9-84AA-CC4F3023CD9C}"
EndProject
Global
	GlobalSection(SolutionConfigurationPlatforms) = preSolution
		Debug|Any CPU = Debug|Any CPU
		Release|Any CPU = Release|Any CPU
	EndGlobalSection
	GlobalSection(ProjectConfigurationPlatforms) = postSolution
		{6F9614A9-732F-4DF9-84AA-CC4F3023CD9C}.Debug|Any CPU.ActiveCfg = Debug|Any CPU
		{6F9614A9-732F-4DF9-84AA-CC4F3023CD9C}.Debug|Any CPU.Build.0 = Debug|Any CPU
		{6F9614A9-732F-4DF9-84AA-CC4F3023CD9C}.Release|Any CPU.ActiveCfg = Release|Any CPU
		{6F9614A9-732F-4DF9-84AA-CC4F3023CD9C}.Release|Any CPU.Build.0 = Release|Any CPU
	EndGlobalSection
	GlobalSection(SolutionProperties) = preSolution
		HideSolutionNode = FALSE
	EndGlobalSection
	GlobalSection(ExtensibilityGlobals) = postSolution
		SolutionGuid = {F8C8FA11-8343-4638-B602-E307F1D838D0}
	EndGlobalSection
EndGlobal
