
Microsoft Visual Studio Solution File, Format Version 12.00
# Visual Studio Version 17
VisualStudioVersion = 17.6.33829.357
MinimumVisualStudioVersion = 10.0.40219.1
Project("{FAE04EC0-301F-11D3-BF4B-00C04F79EFBC}") = "WebApplication71", "WebApplication71\WebApplication71.csproj", "{84A1C7CC-4F3F-4E97-83E3-278522C29FD0}"
EndProject
Global
	GlobalSection(SolutionConfigurationPlatforms) = preSolution
		Debug|Any CPU = Debug|Any CPU
		Release|Any CPU = Release|Any CPU
	EndGlobalSection
	GlobalSection(ProjectConfigurationPlatforms) = postSolution
		{84A1C7CC-4F3F-4E97-83E3-278522C29FD0}.Debug|Any CPU.ActiveCfg = Debug|Any CPU
		{84A1C7CC-4F3F-4E97-83E3-278522C29FD0}.Debug|Any CPU.Build.0 = Debug|Any CPU
		{84A1C7CC-4F3F-4E97-83E3-278522C29FD0}.Release|Any CPU.ActiveCfg = Release|Any CPU
		{84A1C7CC-4F3F-4E97-83E3-278522C29FD0}.Release|Any CPU.Build.0 = Release|Any CPU
	EndGlobalSection
	GlobalSection(SolutionProperties) = preSolution
		HideSolutionNode = FALSE
	EndGlobalSection
	GlobalSection(ExtensibilityGlobals) = postSolution
		SolutionGuid = {15825098-179D-4193-AD8D-50A3A14EAAAB}
	EndGlobalSection
EndGlobal
