
Microsoft Visual Studio Solution File, Format Version 12.00
# Visual Studio Version 17
VisualStudioVersion = 17.6.33829.357
MinimumVisualStudioVersion = 10.0.40219.1
Project("{FAE04EC0-301F-11D3-BF4B-00C04F79EFBC}") = "WebApplication87", "WebApplication87\WebApplication87.csproj", "{1BF54760-9747-4BC6-A987-32015B165BAB}"
EndProject
Global
	GlobalSection(SolutionConfigurationPlatforms) = preSolution
		Debug|Any CPU = Debug|Any CPU
		Release|Any CPU = Release|Any CPU
	EndGlobalSection
	GlobalSection(ProjectConfigurationPlatforms) = postSolution
		{1BF54760-9747-4BC6-A987-32015B165BAB}.Debug|Any CPU.ActiveCfg = Debug|Any CPU
		{1BF54760-9747-4BC6-A987-32015B165BAB}.Debug|Any CPU.Build.0 = Debug|Any CPU
		{1BF54760-9747-4BC6-A987-32015B165BAB}.Release|Any CPU.ActiveCfg = Release|Any CPU
		{1BF54760-9747-4BC6-A987-32015B165BAB}.Release|Any CPU.Build.0 = Release|Any CPU
	EndGlobalSection
	GlobalSection(SolutionProperties) = preSolution
		HideSolutionNode = FALSE
	EndGlobalSection
	GlobalSection(ExtensibilityGlobals) = postSolution
		SolutionGuid = {B7F9F275-AA19-4F28-B831-72532E2B2A09}
	EndGlobalSection
EndGlobal
