
Microsoft Visual Studio Solution File, Format Version 12.00
# Visual Studio Version 17
VisualStudioVersion = 17.6.33829.357
MinimumVisualStudioVersion = 10.0.40219.1
Project("{FAE04EC0-301F-11D3-BF4B-00C04F79EFBC}") = "WebApplication34", "WebApplication34\WebApplication34.csproj", "{479F41CE-0631-4A4D-90BF-CC2C39734A01}"
EndProject
Global
	GlobalSection(SolutionConfigurationPlatforms) = preSolution
		Debug|Any CPU = Debug|Any CPU
		Release|Any CPU = Release|Any CPU
	EndGlobalSection
	GlobalSection(ProjectConfigurationPlatforms) = postSolution
		{479F41CE-0631-4A4D-90BF-CC2C39734A01}.Debug|Any CPU.ActiveCfg = Debug|Any CPU
		{479F41CE-0631-4A4D-90BF-CC2C39734A01}.Debug|Any CPU.Build.0 = Debug|Any CPU
		{479F41CE-0631-4A4D-90BF-CC2C39734A01}.Release|Any CPU.ActiveCfg = Release|Any CPU
		{479F41CE-0631-4A4D-90BF-CC2C39734A01}.Release|Any CPU.Build.0 = Release|Any CPU
	EndGlobalSection
	GlobalSection(SolutionProperties) = preSolution
		HideSolutionNode = FALSE
	EndGlobalSection
	GlobalSection(ExtensibilityGlobals) = postSolution
		SolutionGuid = {93139556-5446-444A-9B4E-3DA12995E0C7}
	EndGlobalSection
EndGlobal
