
Microsoft Visual Studio Solution File, Format Version 12.00
# Visual Studio Version 17
VisualStudioVersion = 17.5.33502.453
MinimumVisualStudioVersion = 10.0.40219.1
Project("{FAE04EC0-301F-11D3-BF4B-00C04F79EFBC}") = "ConsoleApp64", "ConsoleApp64\ConsoleApp64.csproj", "{286C9D93-94C4-4422-8AF6-D70EE89E2FBE}"
EndProject
Global
	GlobalSection(SolutionConfigurationPlatforms) = preSolution
		Debug|Any CPU = Debug|Any CPU
		Release|Any CPU = Release|Any CPU
	EndGlobalSection
	GlobalSection(ProjectConfigurationPlatforms) = postSolution
		{286C9D93-94C4-4422-8AF6-D70EE89E2FBE}.Debug|Any CPU.ActiveCfg = Debug|Any CPU
		{286C9D93-94C4-4422-8AF6-D70EE89E2FBE}.Debug|Any CPU.Build.0 = Debug|Any CPU
		{286C9D93-94C4-4422-8AF6-D70EE89E2FBE}.Release|Any CPU.ActiveCfg = Release|Any CPU
		{286C9D93-94C4-4422-8AF6-D70EE89E2FBE}.Release|Any CPU.Build.0 = Release|Any CPU
	EndGlobalSection
	GlobalSection(SolutionProperties) = preSolution
		HideSolutionNode = FALSE
	EndGlobalSection
	GlobalSection(ExtensibilityGlobals) = postSolution
		SolutionGuid = {8BB16956-09BB-4C0B-809C-C7F6EC569A6B}
	EndGlobalSection
EndGlobal
