
Microsoft Visual Studio Solution File, Format Version 12.00
# Visual Studio Version 17
VisualStudioVersion = 17.5.33530.505
MinimumVisualStudioVersion = 10.0.40219.1
Project("{FAE04EC0-301F-11D3-BF4B-00C04F79EFBC}") = "WindowsFormsApp81", "WindowsFormsApp81\WindowsFormsApp81.csproj", "{824AFA47-A5B8-4F7B-8416-66406282A2D1}"
EndProject
Global
	GlobalSection(SolutionConfigurationPlatforms) = preSolution
		Debug|Any CPU = Debug|Any CPU
		Release|Any CPU = Release|Any CPU
	EndGlobalSection
	GlobalSection(ProjectConfigurationPlatforms) = postSolution
		{824AFA47-A5B8-4F7B-8416-66406282A2D1}.Debug|Any CPU.ActiveCfg = Debug|Any CPU
		{824AFA47-A5B8-4F7B-8416-66406282A2D1}.Debug|Any CPU.Build.0 = Debug|Any CPU
		{824AFA47-A5B8-4F7B-8416-66406282A2D1}.Release|Any CPU.ActiveCfg = Release|Any CPU
		{824AFA47-A5B8-4F7B-8416-66406282A2D1}.Release|Any CPU.Build.0 = Release|Any CPU
	EndGlobalSection
	GlobalSection(SolutionProperties) = preSolution
		HideSolutionNode = FALSE
	EndGlobalSection
	GlobalSection(ExtensibilityGlobals) = postSolution
		SolutionGuid = {FBFA6B2C-B888-4AC6-A6BE-DD99C3E8FC19}
	EndGlobalSection
EndGlobal
