
Microsoft Visual Studio Solution File, Format Version 12.00
# Visual Studio Version 17
VisualStudioVersion = 17.5.33502.453
MinimumVisualStudioVersion = 10.0.40219.1
Project("{FAE04EC0-301F-11D3-BF4B-00C04F79EFBC}") = "WindowsFormsApp59", "WindowsFormsApp59\WindowsFormsApp59.csproj", "{D3304FA2-07B7-46D5-8181-762532716DCC}"
EndProject
Global
	GlobalSection(SolutionConfigurationPlatforms) = preSolution
		Debug|Any CPU = Debug|Any CPU
		Release|Any CPU = Release|Any CPU
	EndGlobalSection
	GlobalSection(ProjectConfigurationPlatforms) = postSolution
		{D3304FA2-07B7-46D5-8181-762532716DCC}.Debug|Any CPU.ActiveCfg = Debug|Any CPU
		{D3304FA2-07B7-46D5-8181-762532716DCC}.Debug|Any CPU.Build.0 = Debug|Any CPU
		{D3304FA2-07B7-46D5-8181-762532716DCC}.Release|Any CPU.ActiveCfg = Release|Any CPU
		{D3304FA2-07B7-46D5-8181-762532716DCC}.Release|Any CPU.Build.0 = Release|Any CPU
	EndGlobalSection
	GlobalSection(SolutionProperties) = preSolution
		HideSolutionNode = FALSE
	EndGlobalSection
	GlobalSection(ExtensibilityGlobals) = postSolution
		SolutionGuid = {FD2B00E4-9F5A-45B3-87E5-14875F658734}
	EndGlobalSection
EndGlobal
